# FAZ 7.1 immutable base-image authority
PYTHON_IMAGE_TAG=python:3.11.16-slim-trixie
PYTHON_IMAGE_DIGEST=sha256:d1053354624536b044162aaab1e418bd000ea35184fb1ae098ab3166b1072e72
PYTHON_IMAGE=python:3.11.16-slim-trixie@sha256:d1053354624536b044162aaab1e418bd000ea35184fb1ae098ab3166b1072e72
TARGET_PLATFORM=linux/amd64
DEBIAN_SUITE=trixie
DEBIAN_SECURITY_SUITE=trixie-security
DEBIAN_SNAPSHOT=20260910T000000Z
