#
# This file is autogenerated by pip-compile with Python 3.11
# by the following command:
#
#    pip-compile --generate-hashes --output-file=deploy/containers/build-tools.lock --strip-extras .faz7-build-tools.in
#
wheel==0.45.1 \
    --hash=sha256:661e1abd9198507b1409a20c02106d9670b2576e916d58f520316666abca6729 \
    --hash=sha256:708e7481cc80179af0e556bbf0cc00b8444c7321e2700b8d8580231d13017248
    # via -r .faz7-build-tools.in

# WARNING: The following packages were not pinned, but pip requires them to be
# pinned when the requirements file includes hashes and the requirement is not
# satisfied by a package already installed. Consider using the --allow-unsafe flag.
# setuptools
