# FAZ 7.1 frozen n8n release-candidate authority
N8N_BASELINE_STATUS=FROZEN_CANDIDATE_2026_09_07
N8N_VERSION=2.37.10
N8N_SOURCE_COMMIT=5542b8b6419cb6925cca8f11b270c9bfbe09d85e
N8N_SOURCE_TREE=8d44b0feb4a74c9fb07f4156793e3c7eaee30fc0
N8N_OFFICIAL_AMD64_DIGEST=sha256:307d6065be25619aa24cfc63a7c2f04ca56d084a08c05c8e9f189a89f353b1ec
N8N_OFFICIAL_IMAGE=n8nio/n8n@sha256:307d6065be25619aa24cfc63a7c2f04ca56d084a08c05c8e9f189a89f353b1ec
N8N_RELEASE_TAG=n8n@2.37.10
N8N_BUILDER_IMAGE=node:26.7.0-alpine3.24@sha256:aadf416b2cdce311a8811ba3f0608a61b77dbf997500e2eafe781b51f6a0b019
N8N_DHI_RUNTIME_BASE=dhi.io/node:26.7.0-alpine3.24-dev@sha256:4b494d89fb26c950ce97865acf45b480dc7a6868fdc2b81c2d66599702eeac3f
N8N_SECURITY_BASE_UPSTREAM_REF=69b0c527fa2b36f7a1b1f55d59d17271d36fabbc
N8N_UPSTREAM_RUNTIME_REFERENCE=n8nio/base:26.7.0@sha256:33687300c4e94dc00f42ec79ae15082ae07330ecd82ae1167125905b65908ff8
N8N_PNPM_VERSION=11.22.0
N8N_FAST_URI_UPSTREAM_REF=33eb5c196e0ce3a2c71525929a4ef861cb94b168
N8N_FAST_URI_TARGET=3.1.6
N8N_JS_YAML_TARGET=4.3.2
N8N_MULTER_TARGET=2.3.0
N8N_XMLDOM_TARGET=0.8.15
N8N_LIBCURL_TARGET=8.22.0-r0
N8N_HARDENED_BASE_IMAGE=sitescore-n8n-base-pruned:26.7.0
N8N_CANDIDATE_IMAGE=sitescore-n8n-frozen:2.37.10
N8N_PUBLISH_IMAGE=ghcr.io/metadoks/sitescore-n8n
N8N_CUTOFF_DATE=2026-09-07
