SYFT_TAG=anchore/syft:v1.44.0
SYFT_DIGEST=sha256:86fde6445b483d902fe011dd9f68c4987dd94e07da1e9edc004e3c2422650de6
SYFT_IMAGE=anchore/syft:v1.44.0@sha256:86fde6445b483d902fe011dd9f68c4987dd94e07da1e9edc004e3c2422650de6
GRYPE_TAG=anchore/grype:v0.116.1
GRYPE_DIGEST=sha256:1e71065c0a4cff3e6bd3b8add525ffac4343eb4971694eb90a31cf6d4d3e85db
GRYPE_IMAGE=anchore/grype:v0.116.1@sha256:1e71065c0a4cff3e6bd3b8add525ffac4343eb4971694eb90a31cf6d4d3e85db
ATTEST_BUILD_PROVENANCE_REPO=actions/attest-build-provenance
ATTEST_BUILD_PROVENANCE_TAG=v2
ATTEST_BUILD_PROVENANCE_SHA=e8998f949152b193b063cb0ec769d69d929409be
ATTEST_SBOM_REPO=actions/attest-sbom
ATTEST_SBOM_TAG=v2
ATTEST_SBOM_SHA=bd218ad0dbcb3e146bd073d1d9c6d78e08aa8a0b
