SYFT_TAG=anchore/syft:v1.44.0
SYFT_DIGEST=sha256:86fde6445b483d902fe011dd9f68c4987dd94e07da1e9edc004e3c2422650de6
SYFT_IMAGE=anchore/syft:v1.44.0@sha256:86fde6445b483d902fe011dd9f68c4987dd94e07da1e9edc004e3c2422650de6
GRYPE_TAG=anchore/grype:v0.116.1
GRYPE_DIGEST=sha256:1e71065c0a4cff3e6bd3b8add525ffac4343eb4971694eb90a31cf6d4d3e85db
GRYPE_IMAGE=anchore/grype:v0.116.1@sha256:1e71065c0a4cff3e6bd3b8add525ffac4343eb4971694eb90a31cf6d4d3e85db
COSIGN_TAG=ghcr.io/sigstore/cosign/cosign:v3.1.2
COSIGN_DIGEST=sha256:d91bc4e7e95e8d2f549c747a72dc174f90579e410a1695f57f686674f84ce849
COSIGN_IMAGE=ghcr.io/sigstore/cosign/cosign:v3.1.2@sha256:d91bc4e7e95e8d2f549c747a72dc174f90579e410a1695f57f686674f84ce849
SBOM_FORMAT=spdx-json
PROVENANCE_MODE=cosign-keyless-github-oidc
